
Microsoft Visual Studio Solution File, Format Version 12.00
# Visual Studio 14
VisualStudioVersion = 14.0.25123.0
MinimumVisualStudioVersion = 10.0.40219.1
Project("{FAE04EC0-301F-11D3-BF4B-00C04F79EFBC}") = "Sitecore.Datalift", "src\Sitecore.Datalift\Sitecore.Datalift.csproj", "{07496A77-01CA-473C-ACF1-B2E2CBC5FF29}"
EndProject
Project("{FAE04EC0-301F-11D3-BF4B-00C04F79EFBC}") = "Sitecore.Datalift.Tests", "src\Sitecore.Datalift.Tests\Sitecore.Datalift.Tests.csproj", "{42BF3639-D05C-44D0-B3E8-6EF71D45545B}"
EndProject
Global
	GlobalSection(SolutionConfigurationPlatforms) = preSolution
		Debug|Any CPU = Debug|Any CPU
		Release|Any CPU = Release|Any CPU
	EndGlobalSection
	GlobalSection(ProjectConfigurationPlatforms) = postSolution
		{07496A77-01CA-473C-ACF1-B2E2CBC5FF29}.Debug|Any CPU.ActiveCfg = Debug|Any CPU
		{07496A77-01CA-473C-ACF1-B2E2CBC5FF29}.Debug|Any CPU.Build.0 = Debug|Any CPU
		{07496A77-01CA-473C-ACF1-B2E2CBC5FF29}.Release|Any CPU.ActiveCfg = Release|Any CPU
		{07496A77-01CA-473C-ACF1-B2E2CBC5FF29}.Release|Any CPU.Build.0 = Release|Any CPU
		{42BF3639-D05C-44D0-B3E8-6EF71D45545B}.Debug|Any CPU.ActiveCfg = Debug|Any CPU
		{42BF3639-D05C-44D0-B3E8-6EF71D45545B}.Debug|Any CPU.Build.0 = Debug|Any CPU
		{42BF3639-D05C-44D0-B3E8-6EF71D45545B}.Release|Any CPU.ActiveCfg = Release|Any CPU
		{42BF3639-D05C-44D0-B3E8-6EF71D45545B}.Release|Any CPU.Build.0 = Release|Any CPU
	EndGlobalSection
	GlobalSection(SolutionProperties) = preSolution
		HideSolutionNode = FALSE
	EndGlobalSection
EndGlobal
